// !$*UTF8*$!
{
	archiveVersion = 1;
	classes = {
	};
	objectVersion = 46;
	objects = {

/* Begin PBXBuildFile section */
		0450820A1ED4FEA9006000BD /* DataAdaptor.swift in Sources */ = {isa = PBXBuildFile; fileRef = 045082091ED4FEA9006000BD /* DataAdaptor.swift */; };
		0450820C1ED5024B006000BD /* AuthAdaptor.swift in Sources */ = {isa = PBXBuildFile; fileRef = 0450820B1ED5024B006000BD /* AuthAdaptor.swift */; };
		3DD56FD51ED1D9090012572B /* AppDelegate.swift in Sources */ = {isa = PBXBuildFile; fileRef = 3DD56FD41ED1D9090012572B /* AppDelegate.swift */; };
		3DD56FD71ED1D9090012572B /* ViewController.swift in Sources */ = {isa = PBXBuildFile; fileRef = 3DD56FD61ED1D9090012572B /* ViewController.swift */; };
		3DD56FDA1ED1D9090012572B /* Main.storyboard in Resources */ = {isa = PBXBuildFile; fileRef = 3DD56FD81ED1D9090012572B /* Main.storyboard */; };
		3DD56FDC1ED1D9090012572B /* Assets.xcassets in Resources */ = {isa = PBXBuildFile; fileRef = 3DD56FDB1ED1D9090012572B /* Assets.xcassets */; };
		3DD56FDF1ED1D9090012572B /* LaunchScreen.storyboard in Resources */ = {isa = PBXBuildFile; fileRef = 3DD56FDD1ED1D9090012572B /* LaunchScreen.storyboard */; };
		3DD56FEA1ED1D9090012572B /* MainTests.swift in Sources */ = {isa = PBXBuildFile; fileRef = 3DD56FE91ED1D9090012572B /* MainTests.swift */; };
		3DD56FF51ED1D9090012572B /* MainUITests.swift in Sources */ = {isa = PBXBuildFile; fileRef = 3DD56FF41ED1D9090012572B /* MainUITests.swift */; };
		3DD5706C1ED1E0FC0012572B /* Mediator.swift in Sources */ = {isa = PBXBuildFile; fileRef = 3DD5706B1ED1E0FC0012572B /* Mediator.swift */; };
		3DD5706E1ED1E1940012572B /* ChatAdaptor.swift in Sources */ = {isa = PBXBuildFile; fileRef = 3DD5706D1ED1E1940012572B /* ChatAdaptor.swift */; };
		3DD570701ED1E1B80012572B /* ContactAdaptor.swift in Sources */ = {isa = PBXBuildFile; fileRef = 3DD5706F1ED1E1B80012572B /* ContactAdaptor.swift */; };
		E2B601879DA8E99857CA9ECA /* Pods_Main.framework in Frameworks */ = {isa = PBXBuildFile; fileRef = 6CA2055E4784505AD0EBEE04 /* Pods_Main.framework */; };
/* End PBXBuildFile section */

/* Begin PBXContainerItemProxy section */
		3DD56FE61ED1D9090012572B /* PBXContainerItemProxy */ = {
			isa = PBXContainerItemProxy;
			containerPortal = 3DD56FC91ED1D9090012572B /* Project object */;
			proxyType = 1;
			remoteGlobalIDString = 3DD56FD01ED1D9090012572B;
			remoteInfo = Main;
		};
		3DD56FF11ED1D9090012572B /* PBXContainerItemProxy */ = {
			isa = PBXContainerItemProxy;
			containerPortal = 3DD56FC91ED1D9090012572B /* Project object */;
			proxyType = 1;
			remoteGlobalIDString = 3DD56FD01ED1D9090012572B;
			remoteInfo = Main;
		};
/* End PBXContainerItemProxy section */

/* Begin PBXCopyFilesBuildPhase section */
		3DD5702F1ED1DE3A0012572B /* Embed Frameworks */ = {
			isa = PBXCopyFilesBuildPhase;
			buildActionMask = 2147483647;
			dstPath = "";
			dstSubfolderSpec = 10;
			files = (
			);
			name = "Embed Frameworks";
			runOnlyForDeploymentPostprocessing = 0;
		};
/* End PBXCopyFilesBuildPhase section */

/* Begin PBXFileReference section */
		045082091ED4FEA9006000BD /* DataAdaptor.swift */ = {isa = PBXFileReference; fileEncoding = 4; lastKnownFileType = sourcecode.swift; path = DataAdaptor.swift; sourceTree = "<group>"; };
		0450820B1ED5024B006000BD /* AuthAdaptor.swift */ = {isa = PBXFileReference; fileEncoding = 4; lastKnownFileType = sourcecode.swift; path = AuthAdaptor.swift; sourceTree = "<group>"; };
		1CCA945B2F75037EAEFEEF3B /* Pods-Main.release.xcconfig */ = {isa = PBXFileReference; includeInIndex = 1; lastKnownFileType = text.xcconfig; name = "Pods-Main.release.xcconfig"; path = "../Pods/Target Support Files/Pods-Main/Pods-Main.release.xcconfig"; sourceTree = "<group>"; };
		3DD56FD11ED1D9090012572B /* Main.app */ = {isa = PBXFileReference; explicitFileType = wrapper.application; includeInIndex = 0; path = Main.app; sourceTree = BUILT_PRODUCTS_DIR; };
		3DD56FD41ED1D9090012572B /* AppDelegate.swift */ = {isa = PBXFileReference; lastKnownFileType = sourcecode.swift; path = AppDelegate.swift; sourceTree = "<group>"; };
		3DD56FD61ED1D9090012572B /* ViewController.swift */ = {isa = PBXFileReference; lastKnownFileType = sourcecode.swift; path = ViewController.swift; sourceTree = "<group>"; };
		3DD56FD91ED1D9090012572B /* Base */ = {isa = PBXFileReference; lastKnownFileType = file.storyboard; name = Base; path = Base.lproj/Main.storyboard; sourceTree = "<group>"; };
		3DD56FDB1ED1D9090012572B /* Assets.xcassets */ = {isa = PBXFileReference; lastKnownFileType = folder.assetcatalog; path = Assets.xcassets; sourceTree = "<group>"; };
		3DD56FDE1ED1D9090012572B /* Base */ = {isa = PBXFileReference; lastKnownFileType = file.storyboard; name = Base; path = Base.lproj/LaunchScreen.storyboard; sourceTree = "<group>"; };
		3DD56FE01ED1D9090012572B /* Info.plist */ = {isa = PBXFileReference; lastKnownFileType = text.plist.xml; path = Info.plist; sourceTree = "<group>"; };
		3DD56FE51ED1D9090012572B /* MainTests.xctest */ = {isa = PBXFileReference; explicitFileType = wrapper.cfbundle; includeInIndex = 0; path = MainTests.xctest; sourceTree = BUILT_PRODUCTS_DIR; };
		3DD56FE91ED1D9090012572B /* MainTests.swift */ = {isa = PBXFileReference; lastKnownFileType = sourcecode.swift; path = MainTests.swift; sourceTree = "<group>"; };
		3DD56FEB1ED1D9090012572B /* Info.plist */ = {isa = PBXFileReference; lastKnownFileType = text.plist.xml; path = Info.plist; sourceTree = "<group>"; };
		3DD56FF01ED1D9090012572B /* MainUITests.xctest */ = {isa = PBXFileReference; explicitFileType = wrapper.cfbundle; includeInIndex = 0; path = MainUITests.xctest; sourceTree = BUILT_PRODUCTS_DIR; };
		3DD56FF41ED1D9090012572B /* MainUITests.swift */ = {isa = PBXFileReference; lastKnownFileType = sourcecode.swift; path = MainUITests.swift; sourceTree = "<group>"; };
		3DD56FF61ED1D9090012572B /* Info.plist */ = {isa = PBXFileReference; lastKnownFileType = text.plist.xml; path = Info.plist; sourceTree = "<group>"; };
		3DD5706B1ED1E0FC0012572B /* Mediator.swift */ = {isa = PBXFileReference; fileEncoding = 4; lastKnownFileType = sourcecode.swift; path = Mediator.swift; sourceTree = "<group>"; };
		3DD5706D1ED1E1940012572B /* ChatAdaptor.swift */ = {isa = PBXFileReference; fileEncoding = 4; lastKnownFileType = sourcecode.swift; path = ChatAdaptor.swift; sourceTree = "<group>"; };
		3DD5706F1ED1E1B80012572B /* ContactAdaptor.swift */ = {isa = PBXFileReference; fileEncoding = 4; lastKnownFileType = sourcecode.swift; path = ContactAdaptor.swift; sourceTree = "<group>"; };
		6CA2055E4784505AD0EBEE04 /* Pods_Main.framework */ = {isa = PBXFileReference; explicitFileType = wrapper.framework; includeInIndex = 0; path = Pods_Main.framework; sourceTree = BUILT_PRODUCTS_DIR; };
		F212AA5966309C0FAE8D4570 /* Pods-Main.debug.xcconfig */ = {isa = PBXFileReference; includeInIndex = 1; lastKnownFileType = text.xcconfig; name = "Pods-Main.debug.xcconfig"; path = "../Pods/Target Support Files/Pods-Main/Pods-Main.debug.xcconfig"; sourceTree = "<group>"; };
/* End PBXFileReference section */

/* Begin PBXFrameworksBuildPhase section */
		3DD56FCE1ED1D9090012572B /* Frameworks */ = {
			isa = PBXFrameworksBuildPhase;
			buildActionMask = 2147483647;
			files = (
				E2B601879DA8E99857CA9ECA /* Pods_Main.framework in Frameworks */,
			);
			runOnlyForDeploymentPostprocessing = 0;
		};
		3DD56FE21ED1D9090012572B /* Frameworks */ = {
			isa = PBXFrameworksBuildPhase;
			buildActionMask = 2147483647;
			files = (
			);
			runOnlyForDeploymentPostprocessing = 0;
		};
		3DD56FED1ED1D9090012572B /* Frameworks */ = {
			isa = PBXFrameworksBuildPhase;
			buildActionMask = 2147483647;
			files = (
			);
			runOnlyForDeploymentPostprocessing = 0;
		};
/* End PBXFrameworksBuildPhase section */

/* Begin PBXGroup section */
		3DD56FC81ED1D9090012572B = {
			isa = PBXGroup;
			children = (
				3DD56FD31ED1D9090012572B /* Main */,
				3DD56FE81ED1D9090012572B /* MainTests */,
				3DD56FF31ED1D9090012572B /* MainUITests */,
				3DD56FD21ED1D9090012572B /* Products */,
				F5229D7A320140C384BE20D0 /* Pods */,
				9103FBE46DC326EB299DFCD3 /* Frameworks */,
			);
			sourceTree = "<group>";
		};
		3DD56FD21ED1D9090012572B /* Products */ = {
			isa = PBXGroup;
			children = (
				3DD56FD11ED1D9090012572B /* Main.app */,
				3DD56FE51ED1D9090012572B /* MainTests.xctest */,
				3DD56FF01ED1D9090012572B /* MainUITests.xctest */,
			);
			name = Products;
			sourceTree = "<group>";
		};
		3DD56FD31ED1D9090012572B /* Main */ = {
			isa = PBXGroup;
			children = (
				3DD56FD41ED1D9090012572B /* AppDelegate.swift */,
				3DD56FD61ED1D9090012572B /* ViewController.swift */,
				3DD56FD81ED1D9090012572B /* Main.storyboard */,
				3DD56FDB1ED1D9090012572B /* Assets.xcassets */,
				3DD56FDD1ED1D9090012572B /* LaunchScreen.storyboard */,
				3DD56FE01ED1D9090012572B /* Info.plist */,
				3DD5706B1ED1E0FC0012572B /* Mediator.swift */,
				3DD5706D1ED1E1940012572B /* ChatAdaptor.swift */,
				3DD5706F1ED1E1B80012572B /* ContactAdaptor.swift */,
				045082091ED4FEA9006000BD /* DataAdaptor.swift */,
				0450820B1ED5024B006000BD /* AuthAdaptor.swift */,
			);
			path = Main;
			sourceTree = "<group>";
		};
		3DD56FE81ED1D9090012572B /* MainTests */ = {
			isa = PBXGroup;
			children = (
				3DD56FE91ED1D9090012572B /* MainTests.swift */,
				3DD56FEB1ED1D9090012572B /* Info.plist */,
			);
			path = MainTests;
			sourceTree = "<group>";
		};
		3DD56FF31ED1D9090012572B /* MainUITests */ = {
			isa = PBXGroup;
			children = (
				3DD56FF41ED1D9090012572B /* MainUITests.swift */,
				3DD56FF61ED1D9090012572B /* Info.plist */,
			);
			path = MainUITests;
			sourceTree = "<group>";
		};
		9103FBE46DC326EB299DFCD3 /* Frameworks */ = {
			isa = PBXGroup;
			children = (
				6CA2055E4784505AD0EBEE04 /* Pods_Main.framework */,
			);
			name = Frameworks;
			sourceTree = "<group>";
		};
		F5229D7A320140C384BE20D0 /* Pods */ = {
			isa = PBXGroup;
			children = (
				F212AA5966309C0FAE8D4570 /* Pods-Main.debug.xcconfig */,
				1CCA945B2F75037EAEFEEF3B /* Pods-Main.release.xcconfig */,
			);
			name = Pods;
			sourceTree = "<group>";
		};
/* End PBXGroup section */

/* Begin PBXNativeTarget section */
		3DD56FD01ED1D9090012572B /* Main */ = {
			isa = PBXNativeTarget;
			buildConfigurationList = 3DD56FF91ED1D9090012572B /* Build configuration list for PBXNativeTarget "Main" */;
			buildPhases = (
				30FF8150E902D9B317989A65 /* [CP] Check Pods Manifest.lock */,
				3DD56FCD1ED1D9090012572B /* Sources */,
				3DD56FCE1ED1D9090012572B /* Frameworks */,
				3DD56FCF1ED1D9090012572B /* Resources */,
				3DD5702F1ED1DE3A0012572B /* Embed Frameworks */,
				39FDF99023CA1EFA44CA0E4F /* [CP] Embed Pods Frameworks */,
				42DDA926C5EB00A794B6F9D2 /* [CP] Copy Pods Resources */,
			);
			buildRules = (
			);
			dependencies = (
			);
			name = Main;
			productName = Main;
			productReference = 3DD56FD11ED1D9090012572B /* Main.app */;
			productType = "com.apple.product-type.application";
		};
		3DD56FE41ED1D9090012572B /* MainTests */ = {
			isa = PBXNativeTarget;
			buildConfigurationList = 3DD56FFC1ED1D9090012572B /* Build configuration list for PBXNativeTarget "MainTests" */;
			buildPhases = (
				3DD56FE11ED1D9090012572B /* Sources */,
				3DD56FE21ED1D9090012572B /* Frameworks */,
				3DD56FE31ED1D9090012572B /* Resources */,
			);
			buildRules = (
			);
			dependencies = (
				3DD56FE71ED1D9090012572B /* PBXTargetDependency */,
			);
			name = MainTests;
			productName = MainTests;
			productReference = 3DD56FE51ED1D9090012572B /* MainTests.xctest */;
			productType = "com.apple.product-type.bundle.unit-test";
		};
		3DD56FEF1ED1D9090012572B /* MainUITests */ = {
			isa = PBXNativeTarget;
			buildConfigurationList = 3DD56FFF1ED1D9090012572B /* Build configuration list for PBXNativeTarget "MainUITests" */;
			buildPhases = (
				3DD56FEC1ED1D9090012572B /* Sources */,
				3DD56FED1ED1D9090012572B /* Frameworks */,
				3DD56FEE1ED1D9090012572B /* Resources */,
			);
			buildRules = (
			);
			dependencies = (
				3DD56FF21ED1D9090012572B /* PBXTargetDependency */,
			);
			name = MainUITests;
			productName = MainUITests;
			productReference = 3DD56FF01ED1D9090012572B /* MainUITests.xctest */;
			productType = "com.apple.product-type.bundle.ui-testing";
		};
/* End PBXNativeTarget section */

/* Begin PBXProject section */
		3DD56FC91ED1D9090012572B /* Project object */ = {
			isa = PBXProject;
			attributes = {
				LastSwiftUpdateCheck = 0730;
				LastUpgradeCheck = 0830;
				ORGANIZATIONNAME = qiscus;
				TargetAttributes = {
					3DD56FD01ED1D9090012572B = {
						CreatedOnToolsVersion = 7.3.1;
						LastSwiftMigration = 0830;
					};
					3DD56FE41ED1D9090012572B = {
						CreatedOnToolsVersion = 7.3.1;
						LastSwiftMigration = 0830;
						TestTargetID = 3DD56FD01ED1D9090012572B;
					};
					3DD56FEF1ED1D9090012572B = {
						CreatedOnToolsVersion = 7.3.1;
						LastSwiftMigration = 0830;
						TestTargetID = 3DD56FD01ED1D9090012572B;
					};
				};
			};
			buildConfigurationList = 3DD56FCC1ED1D9090012572B /* Build configuration list for PBXProject "Main" */;
			compatibilityVersion = "Xcode 3.2";
			developmentRegion = English;
			hasScannedForEncodings = 0;
			knownRegions = (
				en,
				Base,
			);
			mainGroup = 3DD56FC81ED1D9090012572B;
			productRefGroup = 3DD56FD21ED1D9090012572B /* Products */;
			projectDirPath = "";
			projectRoot = "";
			targets = (
				3DD56FD01ED1D9090012572B /* Main */,
				3DD56FE41ED1D9090012572B /* MainTests */,
				3DD56FEF1ED1D9090012572B /* MainUITests */,
			);
		};
/* End PBXProject section */

/* Begin PBXResourcesBuildPhase section */
		3DD56FCF1ED1D9090012572B /* Resources */ = {
			isa = PBXResourcesBuildPhase;
			buildActionMask = 2147483647;
			files = (
				3DD56FDF1ED1D9090012572B /* LaunchScreen.storyboard in Resources */,
				3DD56FDC1ED1D9090012572B /* Assets.xcassets in Resources */,
				3DD56FDA1ED1D9090012572B /* Main.storyboard in Resources */,
			);
			runOnlyForDeploymentPostprocessing = 0;
		};
		3DD56FE31ED1D9090012572B /* Resources */ = {
			isa = PBXResourcesBuildPhase;
			buildActionMask = 2147483647;
			files = (
			);
			runOnlyForDeploymentPostprocessing = 0;
		};
		3DD56FEE1ED1D9090012572B /* Resources */ = {
			isa = PBXResourcesBuildPhase;
			buildActionMask = 2147483647;
			files = (
			);
			runOnlyForDeploymentPostprocessing = 0;
		};
/* End PBXResourcesBuildPhase section */

/* Begin PBXShellScriptBuildPhase section */
		30FF8150E902D9B317989A65 /* [CP] Check Pods Manifest.lock */ = {
			isa = PBXShellScriptBuildPhase;
			buildActionMask = 2147483647;
			files = (
			);
			inputPaths = (
			);
			name = "[CP] Check Pods Manifest.lock";
			outputPaths = (
			);
			runOnlyForDeploymentPostprocessing = 0;
			shellPath = /bin/sh;
			shellScript = "diff \"${PODS_ROOT}/../Podfile.lock\" \"${PODS_ROOT}/Manifest.lock\" > /dev/null\nif [ $? != 0 ] ; then\n    # print error to STDERR\n    echo \"error: The sandbox is not in sync with the Podfile.lock. Run 'pod install' or update your CocoaPods installation.\" >&2\n    exit 1\nfi\n";
			showEnvVarsInLog = 0;
		};
		39FDF99023CA1EFA44CA0E4F /* [CP] Embed Pods Frameworks */ = {
			isa = PBXShellScriptBuildPhase;
			buildActionMask = 2147483647;
			files = (
			);
			inputPaths = (
			);
			name = "[CP] Embed Pods Frameworks";
			outputPaths = (
			);
			runOnlyForDeploymentPostprocessing = 0;
			shellPath = /bin/sh;
			shellScript = "\"${SRCROOT}/../Pods/Target Support Files/Pods-Main/Pods-Main-frameworks.sh\"\n";
			showEnvVarsInLog = 0;
		};
		42DDA926C5EB00A794B6F9D2 /* [CP] Copy Pods Resources */ = {
			isa = PBXShellScriptBuildPhase;
			buildActionMask = 2147483647;
			files = (
			);
			inputPaths = (
			);
			name = "[CP] Copy Pods Resources";
			outputPaths = (
			);
			runOnlyForDeploymentPostprocessing = 0;
			shellPath = /bin/sh;
			shellScript = "\"${SRCROOT}/../Pods/Target Support Files/Pods-Main/Pods-Main-resources.sh\"\n";
			showEnvVarsInLog = 0;
		};
/* End PBXShellScriptBuildPhase section */

/* Begin PBXSourcesBuildPhase section */
		3DD56FCD1ED1D9090012572B /* Sources */ = {
			isa = PBXSourcesBuildPhase;
			buildActionMask = 2147483647;
			files = (
				3DD5706C1ED1E0FC0012572B /* Mediator.swift in Sources */,
				0450820A1ED4FEA9006000BD /* DataAdaptor.swift in Sources */,
				3DD570701ED1E1B80012572B /* ContactAdaptor.swift in Sources */,
				3DD56FD71ED1D9090012572B /* ViewController.swift in Sources */,
				0450820C1ED5024B006000BD /* AuthAdaptor.swift in Sources */,
				3DD56FD51ED1D9090012572B /* AppDelegate.swift in Sources */,
				3DD5706E1ED1E1940012572B /* ChatAdaptor.swift in Sources */,
			);
			runOnlyForDeploymentPostprocessing = 0;
		};
		3DD56FE11ED1D9090012572B /* Sources */ = {
			isa = PBXSourcesBuildPhase;
			buildActionMask = 2147483647;
			files = (
				3DD56FEA1ED1D9090012572B /* MainTests.swift in Sources */,
			);
			runOnlyForDeploymentPostprocessing = 0;
		};
		3DD56FEC1ED1D9090012572B /* Sources */ = {
			isa = PBXSourcesBuildPhase;
			buildActionMask = 2147483647;
			files = (
				3DD56FF51ED1D9090012572B /* MainUITests.swift in Sources */,
			);
			runOnlyForDeploymentPostprocessing = 0;
		};
/* End PBXSourcesBuildPhase section */

/* Begin PBXTargetDependency section */
		3DD56FE71ED1D9090012572B /* PBXTargetDependency */ = {
			isa = PBXTargetDependency;
			target = 3DD56FD01ED1D9090012572B /* Main */;
			targetProxy = 3DD56FE61ED1D9090012572B /* PBXContainerItemProxy */;
		};
		3DD56FF21ED1D9090012572B /* PBXTargetDependency */ = {
			isa = PBXTargetDependency;
			target = 3DD56FD01ED1D9090012572B /* Main */;
			targetProxy = 3DD56FF11ED1D9090012572B /* PBXContainerItemProxy */;
		};
/* End PBXTargetDependency section */

/* Begin PBXVariantGroup section */
		3DD56FD81ED1D9090012572B /* Main.storyboard */ = {
			isa = PBXVariantGroup;
			children = (
				3DD56FD91ED1D9090012572B /* Base */,
			);
			name = Main.storyboard;
			sourceTree = "<group>";
		};
		3DD56FDD1ED1D9090012572B /* LaunchScreen.storyboard */ = {
			isa = PBXVariantGroup;
			children = (
				3DD56FDE1ED1D9090012572B /* Base */,
			);
			name = LaunchScreen.storyboard;
			sourceTree = "<group>";
		};
/* End PBXVariantGroup section */

/* Begin XCBuildConfiguration section */
		3DD56FF71ED1D9090012572B /* Debug */ = {
			isa = XCBuildConfiguration;
			buildSettings = {
				ALWAYS_SEARCH_USER_PATHS = NO;
				CLANG_ANALYZER_NONNULL = YES;
				CLANG_CXX_LANGUAGE_STANDARD = "gnu++0x";
				CLANG_CXX_LIBRARY = "libc++";
				CLANG_ENABLE_MODULES = YES;
				CLANG_ENABLE_OBJC_ARC = YES;
				CLANG_WARN_BOOL_CONVERSION = YES;
				CLANG_WARN_CONSTANT_CONVERSION = YES;
				CLANG_WARN_DIRECT_OBJC_ISA_USAGE = YES_ERROR;
				CLANG_WARN_EMPTY_BODY = YES;
				CLANG_WARN_ENUM_CONVERSION = YES;
				CLANG_WARN_INFINITE_RECURSION = YES;
				CLANG_WARN_INT_CONVERSION = YES;
				CLANG_WARN_OBJC_ROOT_CLASS = YES_ERROR;
				CLANG_WARN_SUSPICIOUS_MOVE = YES;
				CLANG_WARN_UNREACHABLE_CODE = YES;
				CLANG_WARN__DUPLICATE_METHOD_MATCH = YES;
				"CODE_SIGN_IDENTITY[sdk=iphoneos*]" = "iPhone Developer";
				COPY_PHASE_STRIP = NO;
				DEBUG_INFORMATION_FORMAT = dwarf;
				ENABLE_STRICT_OBJC_MSGSEND = YES;
				ENABLE_TESTABILITY = YES;
				GCC_C_LANGUAGE_STANDARD = gnu99;
				GCC_DYNAMIC_NO_PIC = NO;
				GCC_NO_COMMON_BLOCKS = YES;
				GCC_OPTIMIZATION_LEVEL = 0;
				GCC_PREPROCESSOR_DEFINITIONS = (
					"DEBUG=1",
					"$(inherited)",
				);
				GCC_WARN_64_TO_32_BIT_CONVERSION = YES;
				GCC_WARN_ABOUT_RETURN_TYPE = YES_ERROR;
				GCC_WARN_UNDECLARED_SELECTOR = YES;
				GCC_WARN_UNINITIALIZED_AUTOS = YES_AGGRESSIVE;
				GCC_WARN_UNUSED_FUNCTION = YES;
				GCC_WARN_UNUSED_VARIABLE = YES;
				IPHONEOS_DEPLOYMENT_TARGET = 9.3;
				MTL_ENABLE_DEBUG_INFO = YES;
				ONLY_ACTIVE_ARCH = YES;
				SDKROOT = iphoneos;
				SWIFT_OPTIMIZATION_LEVEL = "-Onone";
			};
			name = Debug;
		};
		3DD56FF81ED1D9090012572B /* Release */ = {
			isa = XCBuildConfiguration;
			buildSettings = {
				ALWAYS_SEARCH_USER_PATHS = NO;
				CLANG_ANALYZER_NONNULL = YES;
				CLANG_CXX_LANGUAGE_STANDARD = "gnu++0x";
				CLANG_CXX_LIBRARY = "libc++";
				CLANG_ENABLE_MODULES = YES;
				CLANG_ENABLE_OBJC_ARC = YES;
				CLANG_WARN_BOOL_CONVERSION = YES;
				CLANG_WARN_CONSTANT_CONVERSION = YES;
				CLANG_WARN_DIRECT_OBJC_ISA_USAGE = YES_ERROR;
				CLANG_WARN_EMPTY_BODY = YES;
				CLANG_WARN_ENUM_CONVERSION = YES;
				CLANG_WARN_INFINITE_RECURSION = YES;
				CLANG_WARN_INT_CONVERSION = YES;
				CLANG_WARN_OBJC_ROOT_CLASS = YES_ERROR;
				CLANG_WARN_SUSPICIOUS_MOVE = YES;
				CLANG_WARN_UNREACHABLE_CODE = YES;
				CLANG_WARN__DUPLICATE_METHOD_MATCH = YES;
				"CODE_SIGN_IDENTITY[sdk=iphoneos*]" = "iPhone Developer";
				COPY_PHASE_STRIP = NO;
				DEBUG_INFORMATION_FORMAT = "dwarf-with-dsym";
				ENABLE_NS_ASSERTIONS = NO;
				ENABLE_STRICT_OBJC_MSGSEND = YES;
				GCC_C_LANGUAGE_STANDARD = gnu99;
				GCC_NO_COMMON_BLOCKS = YES;
				GCC_WARN_64_TO_32_BIT_CONVERSION = YES;
				GCC_WARN_ABOUT_RETURN_TYPE = YES_ERROR;
				GCC_WARN_UNDECLARED_SELECTOR = YES;
				GCC_WARN_UNINITIALIZED_AUTOS = YES_AGGRESSIVE;
				GCC_WARN_UNUSED_FUNCTION = YES;
				GCC_WARN_UNUSED_VARIABLE = YES;
				IPHONEOS_DEPLOYMENT_TARGET = 9.3;
				MTL_ENABLE_DEBUG_INFO = NO;
				SDKROOT = iphoneos;
				SWIFT_OPTIMIZATION_LEVEL = "-Owholemodule";
				VALIDATE_PRODUCT = YES;
			};
			name = Release;
		};
		3DD56FFA1ED1D9090012572B /* Debug */ = {
			isa = XCBuildConfiguration;
			baseConfigurationReference = F212AA5966309C0FAE8D4570 /* Pods-Main.debug.xcconfig */;
			buildSettings = {
				ASSETCATALOG_COMPILER_APPICON_NAME = AppIcon;
				INFOPLIST_FILE = Main/Info.plist;
				IPHONEOS_DEPLOYMENT_TARGET = 9.3;
				LD_RUNPATH_SEARCH_PATHS = "$(inherited) @executable_path/Frameworks";
				PRODUCT_BUNDLE_IDENTIFIER = qiscus.qiscusdev.Main;
				PRODUCT_NAME = "$(TARGET_NAME)";
				SWIFT_VERSION = 3.0;
			};
			name = Debug;
		};
		3DD56FFB1ED1D9090012572B /* Release */ = {
			isa = XCBuildConfiguration;
			baseConfigurationReference = 1CCA945B2F75037EAEFEEF3B /* Pods-Main.release.xcconfig */;
			buildSettings = {
				ASSETCATALOG_COMPILER_APPICON_NAME = AppIcon;
				INFOPLIST_FILE = Main/Info.plist;
				IPHONEOS_DEPLOYMENT_TARGET = 9.3;
				LD_RUNPATH_SEARCH_PATHS = "$(inherited) @executable_path/Frameworks";
				PRODUCT_BUNDLE_IDENTIFIER = qiscus.qiscusdev.Main;
				PRODUCT_NAME = "$(TARGET_NAME)";
				SWIFT_VERSION = 3.0;
			};
			name = Release;
		};
		3DD56FFD1ED1D9090012572B /* Debug */ = {
			isa = XCBuildConfiguration;
			buildSettings = {
				BUNDLE_LOADER = "$(TEST_HOST)";
				INFOPLIST_FILE = MainTests/Info.plist;
				LD_RUNPATH_SEARCH_PATHS = "$(inherited) @executable_path/Frameworks @loader_path/Frameworks";
				PRODUCT_BUNDLE_IDENTIFIER = qiscus.MainTests;
				PRODUCT_NAME = "$(TARGET_NAME)";
				SWIFT_VERSION = 3.0;
				TEST_HOST = "$(BUILT_PRODUCTS_DIR)/Main.app/Main";
			};
			name = Debug;
		};
		3DD56FFE1ED1D9090012572B /* Release */ = {
			isa = XCBuildConfiguration;
			buildSettings = {
				BUNDLE_LOADER = "$(TEST_HOST)";
				INFOPLIST_FILE = MainTests/Info.plist;
				LD_RUNPATH_SEARCH_PATHS = "$(inherited) @executable_path/Frameworks @loader_path/Frameworks";
				PRODUCT_BUNDLE_IDENTIFIER = qiscus.MainTests;
				PRODUCT_NAME = "$(TARGET_NAME)";
				SWIFT_VERSION = 3.0;
				TEST_HOST = "$(BUILT_PRODUCTS_DIR)/Main.app/Main";
			};
			name = Release;
		};
		3DD570001ED1D9090012572B /* Debug */ = {
			isa = XCBuildConfiguration;
			buildSettings = {
				INFOPLIST_FILE = MainUITests/Info.plist;
				LD_RUNPATH_SEARCH_PATHS = "$(inherited) @executable_path/Frameworks @loader_path/Frameworks";
				PRODUCT_BUNDLE_IDENTIFIER = qiscus.MainUITests;
				PRODUCT_NAME = "$(TARGET_NAME)";
				SWIFT_VERSION = 3.0;
				TEST_TARGET_NAME = Main;
			};
			name = Debug;
		};
		3DD570011ED1D9090012572B /* Release */ = {
			isa = XCBuildConfiguration;
			buildSettings = {
				INFOPLIST_FILE = MainUITests/Info.plist;
				LD_RUNPATH_SEARCH_PATHS = "$(inherited) @executable_path/Frameworks @loader_path/Frameworks";
				PRODUCT_BUNDLE_IDENTIFIER = qiscus.MainUITests;
				PRODUCT_NAME = "$(TARGET_NAME)";
				SWIFT_VERSION = 3.0;
				TEST_TARGET_NAME = Main;
			};
			name = Release;
		};
/* End XCBuildConfiguration section */

/* Begin XCConfigurationList section */
		3DD56FCC1ED1D9090012572B /* Build configuration list for PBXProject "Main" */ = {
			isa = XCConfigurationList;
			buildConfigurations = (
				3DD56FF71ED1D9090012572B /* Debug */,
				3DD56FF81ED1D9090012572B /* Release */,
			);
			defaultConfigurationIsVisible = 0;
			defaultConfigurationName = Release;
		};
		3DD56FF91ED1D9090012572B /* Build configuration list for PBXNativeTarget "Main" */ = {
			isa = XCConfigurationList;
			buildConfigurations = (
				3DD56FFA1ED1D9090012572B /* Debug */,
				3DD56FFB1ED1D9090012572B /* Release */,
			);
			defaultConfigurationIsVisible = 0;
			defaultConfigurationName = Release;
		};
		3DD56FFC1ED1D9090012572B /* Build configuration list for PBXNativeTarget "MainTests" */ = {
			isa = XCConfigurationList;
			buildConfigurations = (
				3DD56FFD1ED1D9090012572B /* Debug */,
				3DD56FFE1ED1D9090012572B /* Release */,
			);
			defaultConfigurationIsVisible = 0;
			defaultConfigurationName = Release;
		};
		3DD56FFF1ED1D9090012572B /* Build configuration list for PBXNativeTarget "MainUITests" */ = {
			isa = XCConfigurationList;
			buildConfigurations = (
				3DD570001ED1D9090012572B /* Debug */,
				3DD570011ED1D9090012572B /* Release */,
			);
			defaultConfigurationIsVisible = 0;
			defaultConfigurationName = Release;
		};
/* End XCConfigurationList section */
	};
	rootObject = 3DD56FC91ED1D9090012572B /* Project object */;
}
